
Microsoft Visual Studio Solution File, Format Version 12.00
# Visual Studio Version 16
VisualStudioVersion = 16.0.29424.173
MinimumVisualStudioVersion = 10.0.40219.1
Project("{FAE04EC0-301F-11D3-BF4B-00C04F79EFBC}") = "MarketplaceV1", "MarketplaceV1\MarketplaceV1.csproj", "{FACF6ED6-1088-4537-828F-BB9FF9C5A4A4}"
EndProject
Global
	GlobalSection(SolutionConfigurationPlatforms) = preSolution
		Debug|Any CPU = Debug|Any CPU
		Release|Any CPU = Release|Any CPU
	EndGlobalSection
	GlobalSection(ProjectConfigurationPlatforms) = postSolution
		{FACF6ED6-1088-4537-828F-BB9FF9C5A4A4}.Debug|Any CPU.ActiveCfg = Debug|Any CPU
		{FACF6ED6-1088-4537-828F-BB9FF9C5A4A4}.Debug|Any CPU.Build.0 = Debug|Any CPU
		{FACF6ED6-1088-4537-828F-BB9FF9C5A4A4}.Release|Any CPU.ActiveCfg = Release|Any CPU
		{FACF6ED6-1088-4537-828F-BB9FF9C5A4A4}.Release|Any CPU.Build.0 = Release|Any CPU
	EndGlobalSection
	GlobalSection(SolutionProperties) = preSolution
		HideSolutionNode = FALSE
	EndGlobalSection
	GlobalSection(ExtensibilityGlobals) = postSolution
		SolutionGuid = {5F669BCE-A83E-4492-B0D3-96240444EB3C}
	EndGlobalSection
EndGlobal
